
Microsoft Visual Studio Solution File, Format Version 12.00
# Visual Studio Version 17
VisualStudioVersion = 17.10.35122.118
MinimumVisualStudioVersion = 10.0.40219.1
Project("{FAE04EC0-301F-11D3-BF4B-00C04F79EFBC}") = "azure-content-safety-demo", "azure-content-safety-demo.csproj", "{0949A3B3-D58D-41E4-B59F-7FDF9F9884DE}"
EndProject
Global
	GlobalSection(SolutionConfigurationPlatforms) = preSolution
		Debug|Any CPU = Debug|Any CPU
		Release|Any CPU = Release|Any CPU
	EndGlobalSection
	GlobalSection(ProjectConfigurationPlatforms) = postSolution
		{0949A3B3-D58D-41E4-B59F-7FDF9F9884DE}.Debug|Any CPU.ActiveCfg = Debug|Any CPU
		{0949A3B3-D58D-41E4-B59F-7FDF9F9884DE}.Debug|Any CPU.Build.0 = Debug|Any CPU
		{0949A3B3-D58D-41E4-B59F-7FDF9F9884DE}.Release|Any CPU.ActiveCfg = Release|Any CPU
		{0949A3B3-D58D-41E4-B59F-7FDF9F9884DE}.Release|Any CPU.Build.0 = Release|Any CPU
	EndGlobalSection
	GlobalSection(SolutionProperties) = preSolution
		HideSolutionNode = FALSE
	EndGlobalSection
	GlobalSection(ExtensibilityGlobals) = postSolution
		SolutionGuid = {CA715309-6B78-45A1-8226-AA48DEF33633}
	EndGlobalSection
EndGlobal
